
Microsoft Visual Studio Solution File, Format Version 12.00
# Visual Studio 15
VisualStudioVersion = 15.0.28307.757
MinimumVisualStudioVersion = 10.0.40219.1
Project("{FAE04EC0-301F-11D3-BF4B-00C04F79EFBC}") = "ChatBox", "ChatBox\ChatBox.csproj", "{CAB4BC0C-23F3-41D0-B25A-5B0C565C4E75}"
EndProject
Project("{FAE04EC0-301F-11D3-BF4B-00C04F79EFBC}") = "XUnitChatAppTestProject", "XUnitChatAppTestProject\XUnitChatAppTestProject.csproj", "{3B5C92D4-A76D-4A9A-80E6-95A5613D7EAC}"
EndProject
Global
	GlobalSection(SolutionConfigurationPlatforms) = preSolution
		Debug|Any CPU = Debug|Any CPU
		Release|Any CPU = Release|Any CPU
	EndGlobalSection
	GlobalSection(ProjectConfigurationPlatforms) = postSolution
		{CAB4BC0C-23F3-41D0-B25A-5B0C565C4E75}.Debug|Any CPU.ActiveCfg = Debug|Any CPU
		{CAB4BC0C-23F3-41D0-B25A-5B0C565C4E75}.Debug|Any CPU.Build.0 = Debug|Any CPU
		{CAB4BC0C-23F3-41D0-B25A-5B0C565C4E75}.Release|Any CPU.ActiveCfg = Release|Any CPU
		{CAB4BC0C-23F3-41D0-B25A-5B0C565C4E75}.Release|Any CPU.Build.0 = Release|Any CPU
		{3B5C92D4-A76D-4A9A-80E6-95A5613D7EAC}.Debug|Any CPU.ActiveCfg = Debug|Any CPU
		{3B5C92D4-A76D-4A9A-80E6-95A5613D7EAC}.Debug|Any CPU.Build.0 = Debug|Any CPU
		{3B5C92D4-A76D-4A9A-80E6-95A5613D7EAC}.Release|Any CPU.ActiveCfg = Release|Any CPU
		{3B5C92D4-A76D-4A9A-80E6-95A5613D7EAC}.Release|Any CPU.Build.0 = Release|Any CPU
	EndGlobalSection
	GlobalSection(SolutionProperties) = preSolution
		HideSolutionNode = FALSE
	EndGlobalSection
	GlobalSection(ExtensibilityGlobals) = postSolution
		SolutionGuid = {2ECEC871-FA20-4572-80FE-4FFBDCA033F9}
	EndGlobalSection
EndGlobal
